
Microsoft Visual Studio Solution File, Format Version 12.00
# Visual Studio Version 16
VisualStudioVersion = 16.6.30114.105
MinimumVisualStudioVersion = 10.0.40219.1
Project("{9A19103F-16F7-4668-BE54-9A1E7A4F7556}") = "Buildar.Model", "Buildar.Model\Buildar.Model.csproj", "{0C1FE03D-109F-4019-BF23-CD972E3C74BD}"
EndProject
Project("{9A19103F-16F7-4668-BE54-9A1E7A4F7556}") = "Buildar.DataAccess", "Buildar.DataAccess\Buildar.DataAccess.csproj", "{053B4E42-3421-4BCE-922D-79E143DD33D9}"
EndProject
Project("{FAE04EC0-301F-11D3-BF4B-00C04F79EFBC}") = "Buildar.Api", "Buildar.Api\Buildar.Api.csproj", "{8F0AB1CB-5818-4DB6-96B5-DF5A3A233D6F}"
EndProject
Project("{FAE04EC0-301F-11D3-BF4B-00C04F79EFBC}") = "Buildar.App", "Buildar.App\Buildar.App.csproj", "{DBBDBD83-75A9-4990-A788-8A8A8CDDC982}"
EndProject
Project("{9A19103F-16F7-4668-BE54-9A1E7A4F7556}") = "Buildar.App.Core", "Buildar.App.Core\Buildar.App.Core.csproj", "{317413EF-CFBC-43A5-ABC7-F5E8C055B9C7}"
EndProject
Global
	GlobalSection(SolutionConfigurationPlatforms) = preSolution
		Debug|Any CPU = Debug|Any CPU
		Debug|ARM = Debug|ARM
		Debug|ARM64 = Debug|ARM64
		Debug|x64 = Debug|x64
		Debug|x86 = Debug|x86
		Release|Any CPU = Release|Any CPU
		Release|ARM = Release|ARM
		Release|ARM64 = Release|ARM64
		Release|x64 = Release|x64
		Release|x86 = Release|x86
	EndGlobalSection
	GlobalSection(ProjectConfigurationPlatforms) = postSolution
		{0C1FE03D-109F-4019-BF23-CD972E3C74BD}.Debug|Any CPU.ActiveCfg = Debug|Any CPU
		{0C1FE03D-109F-4019-BF23-CD972E3C74BD}.Debug|Any CPU.Build.0 = Debug|Any CPU
		{0C1FE03D-109F-4019-BF23-CD972E3C74BD}.Debug|ARM.ActiveCfg = Debug|Any CPU
		{0C1FE03D-109F-4019-BF23-CD972E3C74BD}.Debug|ARM.Build.0 = Debug|Any CPU
		{0C1FE03D-109F-4019-BF23-CD972E3C74BD}.Debug|ARM64.ActiveCfg = Debug|Any CPU
		{0C1FE03D-109F-4019-BF23-CD972E3C74BD}.Debug|ARM64.Build.0 = Debug|Any CPU
		{0C1FE03D-109F-4019-BF23-CD972E3C74BD}.Debug|x64.ActiveCfg = Debug|Any CPU
		{0C1FE03D-109F-4019-BF23-CD972E3C74BD}.Debug|x64.Build.0 = Debug|Any CPU
		{0C1FE03D-109F-4019-BF23-CD972E3C74BD}.Debug|x86.ActiveCfg = Debug|Any CPU
		{0C1FE03D-109F-4019-BF23-CD972E3C74BD}.Debug|x86.Build.0 = Debug|Any CPU
		{0C1FE03D-109F-4019-BF23-CD972E3C74BD}.Release|Any CPU.ActiveCfg = Release|Any CPU
		{0C1FE03D-109F-4019-BF23-CD972E3C74BD}.Release|Any CPU.Build.0 = Release|Any CPU
		{0C1FE03D-109F-4019-BF23-CD972E3C74BD}.Release|ARM.ActiveCfg = Release|Any CPU
		{0C1FE03D-109F-4019-BF23-CD972E3C74BD}.Release|ARM.Build.0 = Release|Any CPU
		{0C1FE03D-109F-4019-BF23-CD972E3C74BD}.Release|ARM64.ActiveCfg = Release|Any CPU
		{0C1FE03D-109F-4019-BF23-CD972E3C74BD}.Release|ARM64.Build.0 = Release|Any CPU
		{0C1FE03D-109F-4019-BF23-CD972E3C74BD}.Release|x64.ActiveCfg = Release|Any CPU
		{0C1FE03D-109F-4019-BF23-CD972E3C74BD}.Release|x64.Build.0 = Release|Any CPU
		{0C1FE03D-109F-4019-BF23-CD972E3C74BD}.Release|x86.ActiveCfg = Release|Any CPU
		{0C1FE03D-109F-4019-BF23-CD972E3C74BD}.Release|x86.Build.0 = Release|Any CPU
		{053B4E42-3421-4BCE-922D-79E143DD33D9}.Debug|Any CPU.ActiveCfg = Debug|Any CPU
		{053B4E42-3421-4BCE-922D-79E143DD33D9}.Debug|Any CPU.Build.0 = Debug|Any CPU
		{053B4E42-3421-4BCE-922D-79E143DD33D9}.Debug|ARM.ActiveCfg = Debug|Any CPU
		{053B4E42-3421-4BCE-922D-79E143DD33D9}.Debug|ARM.Build.0 = Debug|Any CPU
		{053B4E42-3421-4BCE-922D-79E143DD33D9}.Debug|ARM64.ActiveCfg = Debug|Any CPU
		{053B4E42-3421-4BCE-922D-79E143DD33D9}.Debug|ARM64.Build.0 = Debug|Any CPU
		{053B4E42-3421-4BCE-922D-79E143DD33D9}.Debug|x64.ActiveCfg = Debug|Any CPU
		{053B4E42-3421-4BCE-922D-79E143DD33D9}.Debug|x64.Build.0 = Debug|Any CPU
		{053B4E42-3421-4BCE-922D-79E143DD33D9}.Debug|x86.ActiveCfg = Debug|Any CPU
		{053B4E42-3421-4BCE-922D-79E143DD33D9}.Debug|x86.Build.0 = Debug|Any CPU
		{053B4E42-3421-4BCE-922D-79E143DD33D9}.Release|Any CPU.ActiveCfg = Release|Any CPU
		{053B4E42-3421-4BCE-922D-79E143DD33D9}.Release|Any CPU.Build.0 = Release|Any CPU
		{053B4E42-3421-4BCE-922D-79E143DD33D9}.Release|ARM.ActiveCfg = Release|Any CPU
		{053B4E42-3421-4BCE-922D-79E143DD33D9}.Release|ARM.Build.0 = Release|Any CPU
		{053B4E42-3421-4BCE-922D-79E143DD33D9}.Release|ARM64.ActiveCfg = Release|Any CPU
		{053B4E42-3421-4BCE-922D-79E143DD33D9}.Release|ARM64.Build.0 = Release|Any CPU
		{053B4E42-3421-4BCE-922D-79E143DD33D9}.Release|x64.ActiveCfg = Release|Any CPU
		{053B4E42-3421-4BCE-922D-79E143DD33D9}.Release|x64.Build.0 = Release|Any CPU
		{053B4E42-3421-4BCE-922D-79E143DD33D9}.Release|x86.ActiveCfg = Release|Any CPU
		{053B4E42-3421-4BCE-922D-79E143DD33D9}.Release|x86.Build.0 = Release|Any CPU
		{8F0AB1CB-5818-4DB6-96B5-DF5A3A233D6F}.Debug|Any CPU.ActiveCfg = Debug|Any CPU
		{8F0AB1CB-5818-4DB6-96B5-DF5A3A233D6F}.Debug|Any CPU.Build.0 = Debug|Any CPU
		{8F0AB1CB-5818-4DB6-96B5-DF5A3A233D6F}.Debug|ARM.ActiveCfg = Debug|Any CPU
		{8F0AB1CB-5818-4DB6-96B5-DF5A3A233D6F}.Debug|ARM.Build.0 = Debug|Any CPU
		{8F0AB1CB-5818-4DB6-96B5-DF5A3A233D6F}.Debug|ARM64.ActiveCfg = Debug|Any CPU
		{8F0AB1CB-5818-4DB6-96B5-DF5A3A233D6F}.Debug|ARM64.Build.0 = Debug|Any CPU
		{8F0AB1CB-5818-4DB6-96B5-DF5A3A233D6F}.Debug|x64.ActiveCfg = Debug|Any CPU
		{8F0AB1CB-5818-4DB6-96B5-DF5A3A233D6F}.Debug|x64.Build.0 = Debug|Any CPU
		{8F0AB1CB-5818-4DB6-96B5-DF5A3A233D6F}.Debug|x86.ActiveCfg = Debug|Any CPU
		{8F0AB1CB-5818-4DB6-96B5-DF5A3A233D6F}.Debug|x86.Build.0 = Debug|Any CPU
		{8F0AB1CB-5818-4DB6-96B5-DF5A3A233D6F}.Release|Any CPU.ActiveCfg = Release|Any CPU
		{8F0AB1CB-5818-4DB6-96B5-DF5A3A233D6F}.Release|Any CPU.Build.0 = Release|Any CPU
		{8F0AB1CB-5818-4DB6-96B5-DF5A3A233D6F}.Release|ARM.ActiveCfg = Release|Any CPU
		{8F0AB1CB-5818-4DB6-96B5-DF5A3A233D6F}.Release|ARM.Build.0 = Release|Any CPU
		{8F0AB1CB-5818-4DB6-96B5-DF5A3A233D6F}.Release|ARM64.ActiveCfg = Release|Any CPU
		{8F0AB1CB-5818-4DB6-96B5-DF5A3A233D6F}.Release|ARM64.Build.0 = Release|Any CPU
		{8F0AB1CB-5818-4DB6-96B5-DF5A3A233D6F}.Release|x64.ActiveCfg = Release|Any CPU
		{8F0AB1CB-5818-4DB6-96B5-DF5A3A233D6F}.Release|x64.Build.0 = Release|Any CPU
		{8F0AB1CB-5818-4DB6-96B5-DF5A3A233D6F}.Release|x86.ActiveCfg = Release|Any CPU
		{8F0AB1CB-5818-4DB6-96B5-DF5A3A233D6F}.Release|x86.Build.0 = Release|Any CPU
		{DBBDBD83-75A9-4990-A788-8A8A8CDDC982}.Debug|Any CPU.ActiveCfg = Debug|x86
		{DBBDBD83-75A9-4990-A788-8A8A8CDDC982}.Debug|ARM.ActiveCfg = Debug|ARM
		{DBBDBD83-75A9-4990-A788-8A8A8CDDC982}.Debug|ARM.Build.0 = Debug|ARM
		{DBBDBD83-75A9-4990-A788-8A8A8CDDC982}.Debug|ARM.Deploy.0 = Debug|ARM
		{DBBDBD83-75A9-4990-A788-8A8A8CDDC982}.Debug|ARM64.ActiveCfg = Debug|ARM64
		{DBBDBD83-75A9-4990-A788-8A8A8CDDC982}.Debug|ARM64.Build.0 = Debug|ARM64
		{DBBDBD83-75A9-4990-A788-8A8A8CDDC982}.Debug|ARM64.Deploy.0 = Debug|ARM64
		{DBBDBD83-75A9-4990-A788-8A8A8CDDC982}.Debug|x64.ActiveCfg = Debug|x64
		{DBBDBD83-75A9-4990-A788-8A8A8CDDC982}.Debug|x64.Build.0 = Debug|x64
		{DBBDBD83-75A9-4990-A788-8A8A8CDDC982}.Debug|x64.Deploy.0 = Debug|x64
		{DBBDBD83-75A9-4990-A788-8A8A8CDDC982}.Debug|x86.ActiveCfg = Debug|x86
		{DBBDBD83-75A9-4990-A788-8A8A8CDDC982}.Debug|x86.Build.0 = Debug|x86
		{DBBDBD83-75A9-4990-A788-8A8A8CDDC982}.Debug|x86.Deploy.0 = Debug|x86
		{DBBDBD83-75A9-4990-A788-8A8A8CDDC982}.Release|Any CPU.ActiveCfg = Release|x86
		{DBBDBD83-75A9-4990-A788-8A8A8CDDC982}.Release|ARM.ActiveCfg = Release|ARM
		{DBBDBD83-75A9-4990-A788-8A8A8CDDC982}.Release|ARM.Build.0 = Release|ARM
		{DBBDBD83-75A9-4990-A788-8A8A8CDDC982}.Release|ARM.Deploy.0 = Release|ARM
		{DBBDBD83-75A9-4990-A788-8A8A8CDDC982}.Release|ARM64.ActiveCfg = Release|ARM64
		{DBBDBD83-75A9-4990-A788-8A8A8CDDC982}.Release|ARM64.Build.0 = Release|ARM64
		{DBBDBD83-75A9-4990-A788-8A8A8CDDC982}.Release|ARM64.Deploy.0 = Release|ARM64
		{DBBDBD83-75A9-4990-A788-8A8A8CDDC982}.Release|x64.ActiveCfg = Release|x64
		{DBBDBD83-75A9-4990-A788-8A8A8CDDC982}.Release|x64.Build.0 = Release|x64
		{DBBDBD83-75A9-4990-A788-8A8A8CDDC982}.Release|x64.Deploy.0 = Release|x64
		{DBBDBD83-75A9-4990-A788-8A8A8CDDC982}.Release|x86.ActiveCfg = Release|x86
		{DBBDBD83-75A9-4990-A788-8A8A8CDDC982}.Release|x86.Build.0 = Release|x86
		{DBBDBD83-75A9-4990-A788-8A8A8CDDC982}.Release|x86.Deploy.0 = Release|x86
		{317413EF-CFBC-43A5-ABC7-F5E8C055B9C7}.Debug|Any CPU.ActiveCfg = Debug|Any CPU
		{317413EF-CFBC-43A5-ABC7-F5E8C055B9C7}.Debug|Any CPU.Build.0 = Debug|Any CPU
		{317413EF-CFBC-43A5-ABC7-F5E8C055B9C7}.Debug|ARM.ActiveCfg = Debug|Any CPU
		{317413EF-CFBC-43A5-ABC7-F5E8C055B9C7}.Debug|ARM.Build.0 = Debug|Any CPU
		{317413EF-CFBC-43A5-ABC7-F5E8C055B9C7}.Debug|ARM64.ActiveCfg = Debug|Any CPU
		{317413EF-CFBC-43A5-ABC7-F5E8C055B9C7}.Debug|ARM64.Build.0 = Debug|Any CPU
		{317413EF-CFBC-43A5-ABC7-F5E8C055B9C7}.Debug|x64.ActiveCfg = Debug|Any CPU
		{317413EF-CFBC-43A5-ABC7-F5E8C055B9C7}.Debug|x64.Build.0 = Debug|Any CPU
		{317413EF-CFBC-43A5-ABC7-F5E8C055B9C7}.Debug|x86.ActiveCfg = Debug|Any CPU
		{317413EF-CFBC-43A5-ABC7-F5E8C055B9C7}.Debug|x86.Build.0 = Debug|Any CPU
		{317413EF-CFBC-43A5-ABC7-F5E8C055B9C7}.Release|Any CPU.ActiveCfg = Release|Any CPU
		{317413EF-CFBC-43A5-ABC7-F5E8C055B9C7}.Release|Any CPU.Build.0 = Release|Any CPU
		{317413EF-CFBC-43A5-ABC7-F5E8C055B9C7}.Release|ARM.ActiveCfg = Release|Any CPU
		{317413EF-CFBC-43A5-ABC7-F5E8C055B9C7}.Release|ARM.Build.0 = Release|Any CPU
		{317413EF-CFBC-43A5-ABC7-F5E8C055B9C7}.Release|ARM64.ActiveCfg = Release|Any CPU
		{317413EF-CFBC-43A5-ABC7-F5E8C055B9C7}.Release|ARM64.Build.0 = Release|Any CPU
		{317413EF-CFBC-43A5-ABC7-F5E8C055B9C7}.Release|x64.ActiveCfg = Release|Any CPU
		{317413EF-CFBC-43A5-ABC7-F5E8C055B9C7}.Release|x64.Build.0 = Release|Any CPU
		{317413EF-CFBC-43A5-ABC7-F5E8C055B9C7}.Release|x86.ActiveCfg = Release|Any CPU
		{317413EF-CFBC-43A5-ABC7-F5E8C055B9C7}.Release|x86.Build.0 = Release|Any CPU
	EndGlobalSection
	GlobalSection(SolutionProperties) = preSolution
		HideSolutionNode = FALSE
	EndGlobalSection
	GlobalSection(ExtensibilityGlobals) = postSolution
		SolutionGuid = {A6031670-A8AC-47C6-8BF3-8F1F4A08E081}
	EndGlobalSection
EndGlobal
